# THIS IS AN AUTOGENERATED FILE. DO NOT EDIT THIS FILE DIRECTLY.
# yarn lockfile v1


adler-32@, adler-32@~1.2.0:
  version "1.2.0"
  resolved "https://registry.yarnpkg.com/adler-32/-/adler-32-1.2.0.tgz#6a3e6bf0a63900ba15652808cb15c6813d1a5f25"
  dependencies:
    exit-on-epipe "~1.0.1"
    printj "~1.1.0"

buffer-from@^1.0.0:
  version "1.1.1"
  resolved "https://registry.yarnpkg.com/buffer-from/-/buffer-from-1.1.1.tgz#32713bc028f75c02fdb710d7c7bcec1f2c6070ef"

cfb@>=0.10.0:
  version "1.1.0"
  resolved "https://registry.yarnpkg.com/cfb/-/cfb-1.1.0.tgz#44fb1b30eee014fa5633a0ed5f26c87fd765799a"
  dependencies:
    adler-32 "~1.2.0"
    commander "^2.16.0"
    crc-32 "~1.2.0"
    printj "~1.1.2"

codepage@~1.3.6:
  version "1.3.8"
  resolved "https://registry.yarnpkg.com/codepage/-/codepage-1.3.8.tgz#4f2e5d7c0975de28f88498058dcb5afcab6a5f71"
  dependencies:
    commander ""
    concat-stream ""
    voc ""

colors@0.6.2:
  version "0.6.2"
  resolved "https://registry.yarnpkg.com/colors/-/colors-0.6.2.tgz#2423fe6678ac0c5dae8852e5d0e5be08c997abcc"

commander@, commander@^2.16.0:
  version "2.17.1"
  resolved "https://registry.yarnpkg.com/commander/-/commander-2.17.1.tgz#bd77ab7de6de94205ceacc72f1716d29f20a77bf"

concat-stream@:
  version "1.6.2"
  resolved "https://registry.yarnpkg.com/concat-stream/-/concat-stream-1.6.2.tgz#904bdf194cd3122fc675c77fc4ac3d4ff0fd1a34"
  dependencies:
    buffer-from "^1.0.0"
    inherits "^2.0.3"
    readable-stream "^2.2.2"
    typedarray "^0.0.6"

core-util-is@~1.0.0:
  version "1.0.2"
  resolved "https://registry.yarnpkg.com/core-util-is/-/core-util-is-1.0.2.tgz#b5fd54220aa2bc5ab57aab7140c940754503c1a7"

crc-32@, crc-32@~1.2.0:
  version "1.2.0"
  resolved "https://registry.yarnpkg.com/crc-32/-/crc-32-1.2.0.tgz#cb2db6e29b88508e32d9dd0ec1693e7b41a18208"
  dependencies:
    exit-on-epipe "~1.0.1"
    printj "~1.1.0"

exit-on-epipe@~1.0.1:
  version "1.0.1"
  resolved "https://registry.yarnpkg.com/exit-on-epipe/-/exit-on-epipe-1.0.1.tgz#0bdd92e87d5285d267daa8171d0eb06159689692"

file-saver@1.3.3:
  version "1.3.3"
  resolved "https://registry.yarnpkg.com/file-saver/-/file-saver-1.3.3.tgz#cdd4c44d3aa264eac2f68ec165bc791c34af1232"

frac@0.3.1:
  version "0.3.1"
  resolved "https://registry.yarnpkg.com/frac/-/frac-0.3.1.tgz#577677b7fdcbe6faf7c461f1801d34137cda4354"

inherits@^2.0.3, inherits@~2.0.3:
  version "2.0.3"
  resolved "https://registry.yarnpkg.com/inherits/-/inherits-2.0.3.tgz#633c2c83e3da42a502f52466022480f4208261de"

isarray@~1.0.0:
  version "1.0.0"
  resolved "https://registry.yarnpkg.com/isarray/-/isarray-1.0.0.tgz#bb935d48582cba168c06834957a54a3e07124f11"

jszip@2.4.0:
  version "2.4.0"
  resolved "https://registry.yarnpkg.com/jszip/-/jszip-2.4.0.tgz#487a93b76c3bffa6cb085cd61eb934eabe2d294f"
  dependencies:
    pako "~0.2.5"

pako@~0.2.5:
  version "0.2.9"
  resolved "https://registry.yarnpkg.com/pako/-/pako-0.2.9.tgz#f3f7522f4ef782348da8161bad9ecfd51bf83a75"

printj@~1.1.0, printj@~1.1.2:
  version "1.1.2"
  resolved "http://registry.npmjs.org/printj/-/printj-1.1.2.tgz#d90deb2975a8b9f600fb3a1c94e3f4c53c78a222"

process-nextick-args@~2.0.0:
  version "2.0.0"
  resolved "https://registry.yarnpkg.com/process-nextick-args/-/process-nextick-args-2.0.0.tgz#a37d732f4271b4ab1ad070d35508e8290788ffaa"

react-data-export@^0.4.2:
  version "0.4.2"
  resolved "https://registry.yarnpkg.com/react-data-export/-/react-data-export-0.4.2.tgz#b265383d0fc9b6556ffa7f7393c710e87572eefa"
  dependencies:
    file-saver "1.3.3"
    xlsx "git+https://github.com/securedeveloper/js-xlsx.git"

readable-stream@^2.2.2:
  version "2.3.6"
  resolved "https://registry.yarnpkg.com/readable-stream/-/readable-stream-2.3.6.tgz#b11c27d88b8ff1fbe070643cf94b0c79ae1b0aaf"
  dependencies:
    core-util-is "~1.0.0"
    inherits "~2.0.3"
    isarray "~1.0.0"
    process-nextick-args "~2.0.0"
    safe-buffer "~5.1.1"
    string_decoder "~1.1.1"
    util-deprecate "~1.0.1"

safe-buffer@~5.1.0, safe-buffer@~5.1.1:
  version "5.1.2"
  resolved "https://registry.yarnpkg.com/safe-buffer/-/safe-buffer-5.1.2.tgz#991ec69d296e0313747d59bdfd2b745c35f8828d"

ssf@~0.8.1:
  version "0.8.2"
  resolved "https://registry.yarnpkg.com/ssf/-/ssf-0.8.2.tgz#b9d4dc6a1c1bcf76f8abfa96d7d7656fb2abecd6"
  dependencies:
    colors "0.6.2"
    frac "0.3.1"
    voc ""

string_decoder@~1.1.1:
  version "1.1.1"
  resolved "https://registry.yarnpkg.com/string_decoder/-/string_decoder-1.1.1.tgz#9cf1611ba62685d7030ae9e4ba34149c3af03fc8"
  dependencies:
    safe-buffer "~5.1.0"

typedarray@^0.0.6:
  version "0.0.6"
  resolved "https://registry.yarnpkg.com/typedarray/-/typedarray-0.0.6.tgz#867ac74e3864187b1d3d47d996a78ec5c8830777"

util-deprecate@~1.0.1:
  version "1.0.2"
  resolved "https://registry.yarnpkg.com/util-deprecate/-/util-deprecate-1.0.2.tgz#450d4dc9fa70de732762fbd2d4a28981419a0ccf"

voc@:
  version "1.1.0"
  resolved "https://registry.yarnpkg.com/voc/-/voc-1.1.0.tgz#d1a08aeff66646bf17cdba2e47c935a7a9b0218b"

"xlsx@git+https://github.com/securedeveloper/js-xlsx.git":
  version "0.8.20"
  resolved "git+https://github.com/securedeveloper/js-xlsx.git#c2fc94068b0139cb74eee193a5d896dafa067ec2"
  dependencies:
    adler-32 ""
    cfb ">=0.10.0"
    codepage "~1.3.6"
    commander ""
    crc-32 ""
    jszip "2.4.0"
    ssf "~0.8.1"
